
Microsoft Visual Studio Solution File, Format Version 12.00
# Visual Studio Version 17
VisualStudioVersion = 17.3.32825.248
MinimumVisualStudioVersion = 10.0.40219.1
Project("{FAE04EC0-301F-11D3-BF4B-00C04F79EFBC}") = "WpfApp5", "WpfApp5\WpfApp5.csproj", "{77863513-793B-4B4D-AE41-EF0F4E382C9C}"
EndProject
Project("{54435603-DBB4-11D2-8724-00A0C9A8B90C}") = "Setup1", "Setup1\Setup1.vdproj", "{A85F2E42-D36C-4EFB-8AF7-1EE4120A480C}"
EndProject
Global
	GlobalSection(SolutionConfigurationPlatforms) = preSolution
		Debug|Any CPU = Debug|Any CPU
		Release|Any CPU = Release|Any CPU
	EndGlobalSection
	GlobalSection(ProjectConfigurationPlatforms) = postSolution
		{77863513-793B-4B4D-AE41-EF0F4E382C9C}.Debug|Any CPU.ActiveCfg = Debug|Any CPU
		{77863513-793B-4B4D-AE41-EF0F4E382C9C}.Debug|Any CPU.Build.0 = Debug|Any CPU
		{77863513-793B-4B4D-AE41-EF0F4E382C9C}.Release|Any CPU.ActiveCfg = Release|Any CPU
		{77863513-793B-4B4D-AE41-EF0F4E382C9C}.Release|Any CPU.Build.0 = Release|Any CPU
		{A85F2E42-D36C-4EFB-8AF7-1EE4120A480C}.Debug|Any CPU.ActiveCfg = Debug
		{A85F2E42-D36C-4EFB-8AF7-1EE4120A480C}.Release|Any CPU.ActiveCfg = Release
	EndGlobalSection
	GlobalSection(SolutionProperties) = preSolution
		HideSolutionNode = FALSE
	EndGlobalSection
	GlobalSection(ExtensibilityGlobals) = postSolution
		SolutionGuid = {ACCC58BD-FFA5-404C-BEFD-4ED10493533A}
	EndGlobalSection
EndGlobal
